
Microsoft Visual Studio Solution File, Format Version 12.00
# Visual Studio Version 16
VisualStudioVersion = 16.0.29306.81
MinimumVisualStudioVersion = 10.0.40219.1
Project("{FAE04EC0-301F-11D3-BF4B-00C04F79EFBC}") = "svanTipuricPetlje", "svanTipuricPetlje\svanTipuricPetlje.csproj", "{8E3EB8DF-3676-4B85-94BB-3D3BC866F2AA}"
EndProject
Global
	GlobalSection(SolutionConfigurationPlatforms) = preSolution
		Debug|Any CPU = Debug|Any CPU
		Release|Any CPU = Release|Any CPU
	EndGlobalSection
	GlobalSection(ProjectConfigurationPlatforms) = postSolution
		{8E3EB8DF-3676-4B85-94BB-3D3BC866F2AA}.Debug|Any CPU.ActiveCfg = Debug|Any CPU
		{8E3EB8DF-3676-4B85-94BB-3D3BC866F2AA}.Debug|Any CPU.Build.0 = Debug|Any CPU
		{8E3EB8DF-3676-4B85-94BB-3D3BC866F2AA}.Release|Any CPU.ActiveCfg = Release|Any CPU
		{8E3EB8DF-3676-4B85-94BB-3D3BC866F2AA}.Release|Any CPU.Build.0 = Release|Any CPU
	EndGlobalSection
	GlobalSection(SolutionProperties) = preSolution
		HideSolutionNode = FALSE
	EndGlobalSection
	GlobalSection(ExtensibilityGlobals) = postSolution
		SolutionGuid = {B2D0BC15-DFFA-46A7-B4F0-1D8F4AF38C22}
	EndGlobalSection
EndGlobal
